
Microsoft Visual Studio Solution File, Format Version 12.00
# Visual Studio Version 17
VisualStudioVersion = 17.7.34031.279
MinimumVisualStudioVersion = 10.0.40219.1
Project("{8BC9CEB8-8B4A-11D0-8D11-00A0C91BC942}") = "Task1.1", "Task1.1\Task1.1.vcxproj", "{FF3043FD-D31A-4057-8408-CABD74FF94C8}"
EndProject
Project("{8BC9CEB8-8B4A-11D0-8D11-00A0C91BC942}") = "Task1.2", "Task1.2\Task1.2.vcxproj", "{CBCBC852-7E25-4433-8F58-3B6F6615C3A7}"
EndProject
Project("{8BC9CEB8-8B4A-11D0-8D11-00A0C91BC942}") = "Task2_a", "Task2_a\Task2_a.vcxproj", "{C9526D94-07D8-46E1-A835-DC63B73CD351}"
EndProject
Project("{8BC9CEB8-8B4A-11D0-8D11-00A0C91BC942}") = "Task2_б", "Task2_б\Task2_б.vcxproj", "{7E316469-6C5A-4EB2-877A-AD12BB470AC5}"
EndProject
Project("{8BC9CEB8-8B4A-11D0-8D11-00A0C91BC942}") = "Task2_в", "Task2_в\Task2_в.vcxproj", "{51FC4E74-18E0-48E1-A166-3CC0F7B82A98}"
EndProject
Project("{8BC9CEB8-8B4A-11D0-8D11-00A0C91BC942}") = "Task2_г", "Task2_г\Task2_г.vcxproj", "{7C0DF9C4-CC4F-4A50-BE3A-3EC4C4528032}"
EndProject
Project("{8BC9CEB8-8B4A-11D0-8D11-00A0C91BC942}") = "Task2_д", "Task2_д\Task2_д.vcxproj", "{48D9EE20-D712-447C-BA23-A7FC312A75EE}"
EndProject
Project("{8BC9CEB8-8B4A-11D0-8D11-00A0C91BC942}") = "Task2_е", "Task2_е\Task2_е.vcxproj", "{D753D197-3253-477B-A27A-FE7D8A1A1C78}"
EndProject
Global
	GlobalSection(SolutionConfigurationPlatforms) = preSolution
		Debug|x64 = Debug|x64
		Debug|x86 = Debug|x86
		Release|x64 = Release|x64
		Release|x86 = Release|x86
	EndGlobalSection
	GlobalSection(ProjectConfigurationPlatforms) = postSolution
		{FF3043FD-D31A-4057-8408-CABD74FF94C8}.Debug|x64.ActiveCfg = Debug|x64
		{FF3043FD-D31A-4057-8408-CABD74FF94C8}.Debug|x64.Build.0 = Debug|x64
		{FF3043FD-D31A-4057-8408-CABD74FF94C8}.Debug|x86.ActiveCfg = Debug|Win32
		{FF3043FD-D31A-4057-8408-CABD74FF94C8}.Debug|x86.Build.0 = Debug|Win32
		{FF3043FD-D31A-4057-8408-CABD74FF94C8}.Release|x64.ActiveCfg = Release|x64
		{FF3043FD-D31A-4057-8408-CABD74FF94C8}.Release|x64.Build.0 = Release|x64
		{FF3043FD-D31A-4057-8408-CABD74FF94C8}.Release|x86.ActiveCfg = Release|Win32
		{FF3043FD-D31A-4057-8408-CABD74FF94C8}.Release|x86.Build.0 = Release|Win32
		{CBCBC852-7E25-4433-8F58-3B6F6615C3A7}.Debug|x64.ActiveCfg = Debug|x64
		{CBCBC852-7E25-4433-8F58-3B6F6615C3A7}.Debug|x64.Build.0 = Debug|x64
		{CBCBC852-7E25-4433-8F58-3B6F6615C3A7}.Debug|x86.ActiveCfg = Debug|Win32
		{CBCBC852-7E25-4433-8F58-3B6F6615C3A7}.Debug|x86.Build.0 = Debug|Win32
		{CBCBC852-7E25-4433-8F58-3B6F6615C3A7}.Release|x64.ActiveCfg = Release|x64
		{CBCBC852-7E25-4433-8F58-3B6F6615C3A7}.Release|x64.Build.0 = Release|x64
		{CBCBC852-7E25-4433-8F58-3B6F6615C3A7}.Release|x86.ActiveCfg = Release|Win32
		{CBCBC852-7E25-4433-8F58-3B6F6615C3A7}.Release|x86.Build.0 = Release|Win32
		{C9526D94-07D8-46E1-A835-DC63B73CD351}.Debug|x64.ActiveCfg = Debug|x64
		{C9526D94-07D8-46E1-A835-DC63B73CD351}.Debug|x64.Build.0 = Debug|x64
		{C9526D94-07D8-46E1-A835-DC63B73CD351}.Debug|x86.ActiveCfg = Debug|Win32
		{C9526D94-07D8-46E1-A835-DC63B73CD351}.Debug|x86.Build.0 = Debug|Win32
		{C9526D94-07D8-46E1-A835-DC63B73CD351}.Release|x64.ActiveCfg = Release|x64
		{C9526D94-07D8-46E1-A835-DC63B73CD351}.Release|x64.Build.0 = Release|x64
		{C9526D94-07D8-46E1-A835-DC63B73CD351}.Release|x86.ActiveCfg = Release|Win32
		{C9526D94-07D8-46E1-A835-DC63B73CD351}.Release|x86.Build.0 = Release|Win32
		{7E316469-6C5A-4EB2-877A-AD12BB470AC5}.Debug|x64.ActiveCfg = Debug|x64
		{7E316469-6C5A-4EB2-877A-AD12BB470AC5}.Debug|x64.Build.0 = Debug|x64
		{7E316469-6C5A-4EB2-877A-AD12BB470AC5}.Debug|x86.ActiveCfg = Debug|Win32
		{7E316469-6C5A-4EB2-877A-AD12BB470AC5}.Debug|x86.Build.0 = Debug|Win32
		{7E316469-6C5A-4EB2-877A-AD12BB470AC5}.Release|x64.ActiveCfg = Release|x64
		{7E316469-6C5A-4EB2-877A-AD12BB470AC5}.Release|x64.Build.0 = Release|x64
		{7E316469-6C5A-4EB2-877A-AD12BB470AC5}.Release|x86.ActiveCfg = Release|Win32
		{7E316469-6C5A-4EB2-877A-AD12BB470AC5}.Release|x86.Build.0 = Release|Win32
		{51FC4E74-18E0-48E1-A166-3CC0F7B82A98}.Debug|x64.ActiveCfg = Debug|x64
		{51FC4E74-18E0-48E1-A166-3CC0F7B82A98}.Debug|x64.Build.0 = Debug|x64
		{51FC4E74-18E0-48E1-A166-3CC0F7B82A98}.Debug|x86.ActiveCfg = Debug|Win32
		{51FC4E74-18E0-48E1-A166-3CC0F7B82A98}.Debug|x86.Build.0 = Debug|Win32
		{51FC4E74-18E0-48E1-A166-3CC0F7B82A98}.Release|x64.ActiveCfg = Release|x64
		{51FC4E74-18E0-48E1-A166-3CC0F7B82A98}.Release|x64.Build.0 = Release|x64
		{51FC4E74-18E0-48E1-A166-3CC0F7B82A98}.Release|x86.ActiveCfg = Release|Win32
		{51FC4E74-18E0-48E1-A166-3CC0F7B82A98}.Release|x86.Build.0 = Release|Win32
		{7C0DF9C4-CC4F-4A50-BE3A-3EC4C4528032}.Debug|x64.ActiveCfg = Debug|x64
		{7C0DF9C4-CC4F-4A50-BE3A-3EC4C4528032}.Debug|x64.Build.0 = Debug|x64
		{7C0DF9C4-CC4F-4A50-BE3A-3EC4C4528032}.Debug|x86.ActiveCfg = Debug|Win32
		{7C0DF9C4-CC4F-4A50-BE3A-3EC4C4528032}.Debug|x86.Build.0 = Debug|Win32
		{7C0DF9C4-CC4F-4A50-BE3A-3EC4C4528032}.Release|x64.ActiveCfg = Release|x64
		{7C0DF9C4-CC4F-4A50-BE3A-3EC4C4528032}.Release|x64.Build.0 = Release|x64
		{7C0DF9C4-CC4F-4A50-BE3A-3EC4C4528032}.Release|x86.ActiveCfg = Release|Win32
		{7C0DF9C4-CC4F-4A50-BE3A-3EC4C4528032}.Release|x86.Build.0 = Release|Win32
		{48D9EE20-D712-447C-BA23-A7FC312A75EE}.Debug|x64.ActiveCfg = Debug|x64
		{48D9EE20-D712-447C-BA23-A7FC312A75EE}.Debug|x64.Build.0 = Debug|x64
		{48D9EE20-D712-447C-BA23-A7FC312A75EE}.Debug|x86.ActiveCfg = Debug|Win32
		{48D9EE20-D712-447C-BA23-A7FC312A75EE}.Debug|x86.Build.0 = Debug|Win32
		{48D9EE20-D712-447C-BA23-A7FC312A75EE}.Release|x64.ActiveCfg = Release|x64
		{48D9EE20-D712-447C-BA23-A7FC312A75EE}.Release|x64.Build.0 = Release|x64
		{48D9EE20-D712-447C-BA23-A7FC312A75EE}.Release|x86.ActiveCfg = Release|Win32
		{48D9EE20-D712-447C-BA23-A7FC312A75EE}.Release|x86.Build.0 = Release|Win32
		{D753D197-3253-477B-A27A-FE7D8A1A1C78}.Debug|x64.ActiveCfg = Debug|x64
		{D753D197-3253-477B-A27A-FE7D8A1A1C78}.Debug|x64.Build.0 = Debug|x64
		{D753D197-3253-477B-A27A-FE7D8A1A1C78}.Debug|x86.ActiveCfg = Debug|Win32
		{D753D197-3253-477B-A27A-FE7D8A1A1C78}.Debug|x86.Build.0 = Debug|Win32
		{D753D197-3253-477B-A27A-FE7D8A1A1C78}.Release|x64.ActiveCfg = Release|x64
		{D753D197-3253-477B-A27A-FE7D8A1A1C78}.Release|x64.Build.0 = Release|x64
		{D753D197-3253-477B-A27A-FE7D8A1A1C78}.Release|x86.ActiveCfg = Release|Win32
		{D753D197-3253-477B-A27A-FE7D8A1A1C78}.Release|x86.Build.0 = Release|Win32
	EndGlobalSection
	GlobalSection(SolutionProperties) = preSolution
		HideSolutionNode = FALSE
	EndGlobalSection
	GlobalSection(ExtensibilityGlobals) = postSolution
		SolutionGuid = {9013224B-AD8D-4B0A-9954-DAEB8B909304}
	EndGlobalSection
EndGlobal
